
Microsoft Visual Studio Solution File, Format Version 12.00
# Visual Studio Version 17
VisualStudioVersion = 17.4.33122.133
MinimumVisualStudioVersion = 10.0.40219.1
Project("{FAE04EC0-301F-11D3-BF4B-00C04F79EFBC}") = "TicTacToe", "TicTacToe\TicTacToe.csproj", "{AAFCE134-CEEA-4F8E-A15F-ADF5DDABC280}"
EndProject
Global
	GlobalSection(SolutionConfigurationPlatforms) = preSolution
		Debug|Any CPU = Debug|Any CPU
		Release|Any CPU = Release|Any CPU
	EndGlobalSection
	GlobalSection(ProjectConfigurationPlatforms) = postSolution
		{AAFCE134-CEEA-4F8E-A15F-ADF5DDABC280}.Debug|Any CPU.ActiveCfg = Debug|Any CPU
		{AAFCE134-CEEA-4F8E-A15F-ADF5DDABC280}.Debug|Any CPU.Build.0 = Debug|Any CPU
		{AAFCE134-CEEA-4F8E-A15F-ADF5DDABC280}.Release|Any CPU.ActiveCfg = Release|Any CPU
		{AAFCE134-CEEA-4F8E-A15F-ADF5DDABC280}.Release|Any CPU.Build.0 = Release|Any CPU
	EndGlobalSection
	GlobalSection(SolutionProperties) = preSolution
		HideSolutionNode = FALSE
	EndGlobalSection
	GlobalSection(ExtensibilityGlobals) = postSolution
		SolutionGuid = {55C159F1-D7F0-4EC7-B7B3-85F513C3B919}
	EndGlobalSection
EndGlobal
